
Microsoft Visual Studio Solution File, Format Version 12.00
# Visual Studio 15
VisualStudioVersion = 15.0.27130.2036
MinimumVisualStudioVersion = 10.0.40219.1
Project("{FAE04EC0-301F-11D3-BF4B-00C04F79EFBC}") = "AbstractAlgebraTests", "pinter-8.A.1 multiplying-permutationsTests\AbstractAlgebraTests.csproj", "{BE2A7D75-799A-44D5-AD4D-293230583B5A}"
EndProject
Project("{FAE04EC0-301F-11D3-BF4B-00C04F79EFBC}") = "pinter-13.I-conjugate-elements", "pinter-13.I-conjugate-elements\pinter-13.I-conjugate-elements.csproj", "{3528B630-4371-4308-8C2C-AEC0DC13816E}"
EndProject
Project("{FAE04EC0-301F-11D3-BF4B-00C04F79EFBC}") = "pinter-13-J-groups-acting-on-a-set-S3", "pinter-13.J\pinter-13-J-groups-acting-on-a-set-S3.csproj", "{30304A4E-E04B-4AF9-B0CB-F666240A8CBA}"
EndProject
Project("{FAE04EC0-301F-11D3-BF4B-00C04F79EFBC}") = "S_4", "S_4\S_4.csproj", "{F9BDE60E-0976-4487-A7D8-D4933F765C93}"
EndProject
Project("{FAE04EC0-301F-11D3-BF4B-00C04F79EFBC}") = "pinter-13-I-conjugate-elements-5-F-1", "pinter-13-I-conjugate-elements-group-class\pinter-13-I-conjugate-elements-5-F-1.csproj", "{16D24CF9-B5E0-4A1D-98D8-EFCE16FA5E13}"
EndProject
Project("{FAE04EC0-301F-11D3-BF4B-00C04F79EFBC}") = "pinter-13-I-conjugate-elements-S3", "pinter-13-I-conjugate-elements-S-3\pinter-13-I-conjugate-elements-S3.csproj", "{F52238E4-1727-4B7D-A31E-DE046FCF6216}"
EndProject
Project("{FAE04EC0-301F-11D3-BF4B-00C04F79EFBC}") = "pinter-13-J-groups-acting-on-a-set-group-S3", "pinter-13-J-groups-acting-on-a-set-group\pinter-13-J-groups-acting-on-a-set-group-S3.csproj", "{29F7E875-824F-4C47-805F-80AE94600050}"
EndProject
Project("{FAE04EC0-301F-11D3-BF4B-00C04F79EFBC}") = "GeneratorsOfS4", "GeneratorsOfS4\GeneratorsOfS4.csproj", "{4FE7BFB8-C12F-46CB-859A-22FD86C6A307}"
EndProject
Project("{FAE04EC0-301F-11D3-BF4B-00C04F79EFBC}") = "GeneratorsOfS5", "GeneratorsOfS5\GeneratorsOfS5.csproj", "{65862C63-3860-4236-8B68-8641FFF7E3F0}"
EndProject
Project("{FAE04EC0-301F-11D3-BF4B-00C04F79EFBC}") = "GroupFromGenerators", "GroupFromGenerators\GroupFromGenerators.csproj", "{3C637521-4E8F-497F-970C-B0560CB5C2AC}"
EndProject
Project("{FAE04EC0-301F-11D3-BF4B-00C04F79EFBC}") = "GapPermTest", "GapPermTest\GapPermTest.csproj", "{C2A915A9-C859-437E-961D-226D1B5B563D}"
EndProject
Project("{FAE04EC0-301F-11D3-BF4B-00C04F79EFBC}") = "pinter-13-I-conjugate-elements-S3-GapPerm", "pinter-13-I-conjugate-elements-S-3-GapPerm\pinter-13-I-conjugate-elements-S3-GapPerm.csproj", "{764CD40B-7B5D-48E7-8D8F-831EE6ED91D0}"
EndProject
Project("{FAE04EC0-301F-11D3-BF4B-00C04F79EFBC}") = "S4SubgroupsGapPerm", "S4SubgroupsGapPerm\S4SubgroupsGapPerm.csproj", "{1F9FCB2F-8366-404D-BC0E-1C368222DB9D}"
EndProject
Project("{FAE04EC0-301F-11D3-BF4B-00C04F79EFBC}") = "pinter-13-J-groups-acting-on-a-set-group-GapPerm-S3", "pinter-13-J-groups-acting-on-a-set-group-GapPerm\pinter-13-J-groups-acting-on-a-set-group-GapPerm-S3.csproj", "{94D4D60F-A839-4C8E-9022-1C0DD9B7AC8F}"
EndProject
Project("{FAE04EC0-301F-11D3-BF4B-00C04F79EFBC}") = "pinter-13-J-S4", "pinter-13-J-S4\pinter-13-J-S4.csproj", "{B3ED28CB-4227-4F9B-92EB-7B16603C5E35}"
EndProject
Project("{FAE04EC0-301F-11D3-BF4B-00C04F79EFBC}") = "pinter-13-J-3", "pinter-13-J-3\pinter-13-J-3.csproj", "{66965184-2D32-46C3-A1F4-FCA5A88E9C06}"
EndProject
Project("{FAE04EC0-301F-11D3-BF4B-00C04F79EFBC}") = "pinter-13-K-1", "pinter-13-K-1\pinter-13-K-1.csproj", "{59E946B9-118D-4824-9622-0592ABF0C500}"
EndProject
Project("{FAE04EC0-301F-11D3-BF4B-00C04F79EFBC}") = "pinter-13-K-2", "pinter-13-K-2\pinter-13-K-2.csproj", "{912B4996-8E96-4F38-B8D9-2632D4F9D875}"
EndProject
Project("{FAE04EC0-301F-11D3-BF4B-00C04F79EFBC}") = "BinaryWords", "BinaryWords\BinaryWords.csproj", "{0F50F3AD-117C-4323-87F3-2E6EA2CA9901}"
EndProject
Project("{FAE04EC0-301F-11D3-BF4B-00C04F79EFBC}") = "pinter-13-K-3-C3", "pinter-13-K-3\pinter-13-K-3-C3.csproj", "{BFCA1C00-9C5D-42F7-9F77-6C9EEE27D630}"
EndProject
Project("{FAE04EC0-301F-11D3-BF4B-00C04F79EFBC}") = "pinter-13-K-3-C1", "pinter-13-K-3-C1\pinter-13-K-3-C1.csproj", "{5A44F795-87A6-476A-9811-F5E8E4D2FB8B}"
EndProject
Project("{FAE04EC0-301F-11D3-BF4B-00C04F79EFBC}") = "pinter-13-K-3-C2", "pinter-13-K-3-C2\pinter-13-K-3-C2.csproj", "{DE31E329-F54A-4A28-9F09-6A67852C64FE}"
EndProject
Project("{FAE04EC0-301F-11D3-BF4B-00C04F79EFBC}") = "pinter-13-K-5", "pinter-13-K-5\pinter-13-K-5.csproj", "{96BEFED4-CDC8-44CA-B08D-5CF4F8C3E7F7}"
EndProject
Project("{FAE04EC0-301F-11D3-BF4B-00C04F79EFBC}") = "pinter-14-A-1-Z8", "pinter-14-A-1\pinter-14-A-1-Z8.csproj", "{CD7E3F63-0D1F-48D8-8754-D77C46D67AEE}"
EndProject
Project("{FAE04EC0-301F-11D3-BF4B-00C04F79EFBC}") = "pinter-14-A-4-D4", "pinter-14-A-4-D4\pinter-14-A-4-D4.csproj", "{0B82270D-7A7B-4957-B8CF-C2DBD1F254E0}"
EndProject
Project("{FAE04EC0-301F-11D3-BF4B-00C04F79EFBC}") = "pinter-14-A-5-D6", "pinter-14-A-5-D6\pinter-14-A-5-D6.csproj", "{342B0270-D489-454B-BC13-2EF37878FD10}"
EndProject
Project("{FAE04EC0-301F-11D3-BF4B-00C04F79EFBC}") = "pinter-14-A-6-P3", "pinter-14-A-6\pinter-14-A-6-P3.csproj", "{85040085-1D98-4161-987B-3CC5D88852E9}"
EndProject
Project("{FAE04EC0-301F-11D3-BF4B-00C04F79EFBC}") = "pinter-14-D-1-S3", "pinter-14-D-1-S3\pinter-14-D-1-S3.csproj", "{D69A9BED-25E6-4334-8982-E9E308DBE7A2}"
EndProject
Project("{FAE04EC0-301F-11D3-BF4B-00C04F79EFBC}") = "pinter-14-D-1-D4", "pinter-14-D-1-D4\pinter-14-D-1-D4.csproj", "{4E8C700B-7BCC-4167-BB46-9453CFF00371}"
EndProject
Project("{FAE04EC0-301F-11D3-BF4B-00C04F79EFBC}") = "pinter-14-E-3-S3", "pinter-14-E-3-S3\pinter-14-E-3-S3.csproj", "{A27B89C2-282C-404D-81EC-AA90B9BFEC3C}"
EndProject
Project("{FAE04EC0-301F-11D3-BF4B-00C04F79EFBC}") = "pinter-14-E-4-S3", "pinter-14-E-4-S3\pinter-14-E-4-S3.csproj", "{2AB06908-3404-4402-8E18-90F7F987820D}"
EndProject
Project("{FAE04EC0-301F-11D3-BF4B-00C04F79EFBC}") = "pinter-14-E-5-S3", "pinter-14-E-5-S3\pinter-14-E-5-S3.csproj", "{FD1E5209-212D-4435-A10D-70038D90D719}"
EndProject
Project("{FAE04EC0-301F-11D3-BF4B-00C04F79EFBC}") = "pinter-14-E-6-S3", "pinter-14-E-6-S3\pinter-14-E-6-S3.csproj", "{5B522E3C-F9C8-4BC8-A299-1D7D42E05CD6}"
EndProject
Project("{FAE04EC0-301F-11D3-BF4B-00C04F79EFBC}") = "pinter-14-F-1-Z6-Z3", "pinter-14-F-1-Z6-Z3\pinter-14-F-1-Z6-Z3.csproj", "{0F2C6356-45FD-432C-AC36-05557F3362D8}"
EndProject
Project("{FAE04EC0-301F-11D3-BF4B-00C04F79EFBC}") = "pinter-14-F-2-Z6-Z3", "pinter-14-F-2-Z6-Z3\pinter-14-F-2-Z6-Z3.csproj", "{F41E5929-1196-449E-B269-9CC98AF22826}"
EndProject
Project("{FAE04EC0-301F-11D3-BF4B-00C04F79EFBC}") = "pinter-14-F-3-Z6-Z3", "pinter-14-F-3-Z6-Z3\pinter-14-F-3-Z6-Z3.csproj", "{10729752-1F08-4534-AF30-1304EF87AE10}"
EndProject
Project("{FAE04EC0-301F-11D3-BF4B-00C04F79EFBC}") = "pinter-14-F-4-Z6-Z3", "pinter-14-F-4-Z6-Z3\pinter-14-F-4-Z6-Z3.csproj", "{CF0F24F6-4592-418E-9F75-9291DB361156}"
EndProject
Project("{FAE04EC0-301F-11D3-BF4B-00C04F79EFBC}") = "pinter-14-F-5-Z6-Z3", "pinter-14-F-5-Z6-Z3\pinter-14-F-5-Z6-Z3.csproj", "{8C7E0B4E-81B6-4018-97A5-08564E28EDB2}"
EndProject
Project("{FAE04EC0-301F-11D3-BF4B-00C04F79EFBC}") = "pinter-14-F-6-Z6-Z3", "pinter-14-F-6-Z6-Z3\pinter-14-F-6-Z6-Z3.csproj", "{F628D406-D305-4933-9C15-4802B41221FF}"
EndProject
Project("{FAE04EC0-301F-11D3-BF4B-00C04F79EFBC}") = "pinter-15-A-1-Z10", "pinter-15-A-1-Z10\pinter-15-A-1-Z10.csproj", "{1D10036F-34EB-4409-BE7F-CC41B86A44A8}"
EndProject
Project("{FAE04EC0-301F-11D3-BF4B-00C04F79EFBC}") = "pinter-15-A-2-S3", "pinter-15-A-2-S3\pinter-15-A-2-S3.csproj", "{6ABFF39D-D558-4E4D-8DD0-878FC02C3032}"
EndProject
Project("{FAE04EC0-301F-11D3-BF4B-00C04F79EFBC}") = "pinter-15-A-3-D4", "pinter-15-A-3-D4\pinter-15-A-3-D4.csproj", "{A55F3D9D-5838-47E0-851D-4C65A76D83C6}"
EndProject
Project("{FAE04EC0-301F-11D3-BF4B-00C04F79EFBC}") = "pinter-15-A-4-D4", "pinter-15-A-4-D4\pinter-15-A-4-D4.csproj", "{3143A572-E97D-44B1-A632-2BE28C828E9B}"
EndProject
Project("{FAE04EC0-301F-11D3-BF4B-00C04F79EFBC}") = "pinter-15-A-5-Z4xZ2", "pinter-15-A-5-Z4xZ2\pinter-15-A-5-Z4xZ2.csproj", "{46641E19-AFD3-44DA-96DC-0092A4014DEF}"
EndProject
Project("{FAE04EC0-301F-11D3-BF4B-00C04F79EFBC}") = "pinter-15-A-6-P3", "pinter-15-A-6-P3\pinter-15-A-6-P3.csproj", "{48159F74-F834-45A3-B5DD-FD011A354D2D}"
EndProject
Project("{FAE04EC0-301F-11D3-BF4B-00C04F79EFBC}") = "pinter-15-F", "pinter-15-F\pinter-15-F.csproj", "{E7DBD271-44EE-45B5-85B3-93534CED5121}"
EndProject
Project("{FAE04EC0-301F-11D3-BF4B-00C04F79EFBC}") = "AbstractAlgebraConsoleApplicationTemplate", "AbstractAlgebraConsoleApplicationTemplate\AbstractAlgebraConsoleApplicationTemplate.csproj", "{B0F5D554-E607-4BDC-BE5C-82719256F4BE}"
EndProject
Project("{FAE04EC0-301F-11D3-BF4B-00C04F79EFBC}") = "pinter-08-A-1", "pinter-08-A-1\pinter-08-A-1.csproj", "{E704536F-90A8-4731-9566-07CE4332F4FE}"
EndProject
Project("{FAE04EC0-301F-11D3-BF4B-00C04F79EFBC}") = "pinter-08-A-2", "pinter-08-A-2\pinter-08-A-2.csproj", "{AD528EE9-904C-432F-B3CE-30C65E9F3BD4}"
EndProject
Project("{FAE04EC0-301F-11D3-BF4B-00C04F79EFBC}") = "pinter-08-A-3", "pinter-08-A-3\pinter-08-A-3.csproj", "{8676EEF3-52C8-49B7-A1AC-E4EE99FAE7CA}"
EndProject
Project("{FAE04EC0-301F-11D3-BF4B-00C04F79EFBC}") = "pinter-08-A-4", "pinter-08-A-4\pinter-08-A-4.csproj", "{BB043B7B-C53A-4D78-B40E-B9DAA77737CD}"
EndProject
Project("{FAE04EC0-301F-11D3-BF4B-00C04F79EFBC}") = "pinter-13-A-1", "pinter-13-A-1\pinter-13-A-1.csproj", "{10982F0A-9BF9-4945-AC7A-6F126F109ADB}"
EndProject
Project("{FAE04EC0-301F-11D3-BF4B-00C04F79EFBC}") = "pinter-16-A-1-Z20-gen5", "pinter-16-A-1-Z20-gen5\pinter-16-A-1-Z20-gen5.csproj", "{3756886B-9A66-4E26-A51D-01CF372B38B6}"
EndProject
Project("{FAE04EC0-301F-11D3-BF4B-00C04F79EFBC}") = "pinter-16-A-2", "pinter-16-A-2\pinter-16-A-2.csproj", "{120CFBF2-3B9A-4C51-91CE-D496A75BDBC7}"
EndProject
Project("{FAE04EC0-301F-11D3-BF4B-00C04F79EFBC}") = "AbstractAlgebra", "AbstractAlgebra\AbstractAlgebra.csproj", "{67CD0467-3A58-4656-BFC9-F7C647457510}"
EndProject
Project("{FAE04EC0-301F-11D3-BF4B-00C04F79EFBC}") = "pinter-16-A-3-S3-Z2", "pinter-16-A-3-S3-Z2\pinter-16-A-3-S3-Z2.csproj", "{BDBDAAEC-D388-48CF-9EA9-22F58374EC0F}"
EndProject
Project("{FAE04EC0-301F-11D3-BF4B-00C04F79EFBC}") = "pinter-Z6-all-quotient-groups", "pinter-Z6-all-quotient-groups\pinter-Z6-all-quotient-groups.csproj", "{1552D231-767B-4C90-B3A2-E61F5387E556}"
EndProject
Project("{FAE04EC0-301F-11D3-BF4B-00C04F79EFBC}") = "pinter-D4-all-quotient-groups", "pinter-D4-all-quotient-groups\pinter-D4-all-quotient-groups.csproj", "{E31FE39D-2761-47F7-8113-692289A66349}"
EndProject
Project("{FAE04EC0-301F-11D3-BF4B-00C04F79EFBC}") = "pinter-03-D-Z2xZ2", "pinter-03-D-Z2xZ2\pinter-03-D-Z2xZ2.csproj", "{F7ECDF70-96EE-499D-AA4A-C59082ECF0A5}"
EndProject
Project("{FAE04EC0-301F-11D3-BF4B-00C04F79EFBC}") = "pinter-15-commutators-S3", "pinter-15-commutators-S3\pinter-15-commutators-S3.csproj", "{E8F1EB54-D1DC-4847-A3C6-AFA301147991}"
EndProject
Project("{FAE04EC0-301F-11D3-BF4B-00C04F79EFBC}") = "pinter-15-commutators-D4", "pinter-15-commutators-D4\pinter-15-commutators-D4.csproj", "{B1758720-8B64-4E75-9490-6F92C752B9C7}"
EndProject
Project("{FAE04EC0-301F-11D3-BF4B-00C04F79EFBC}") = "AbstractAlgebraTemplate2", "AbstractAlgebraTemplate2\AbstractAlgebraTemplate2.csproj", "{5CB94F39-ED3B-4427-96BB-AF7D23711443}"
EndProject
Project("{FAE04EC0-301F-11D3-BF4B-00C04F79EFBC}") = "pinter-16-A-4-P2-P3", "pinter-16-A-4-P2-P3\pinter-16-A-4-P2-P3.csproj", "{672529BB-29AA-43B2-AE68-AD4BA7A3C7DE}"
EndProject
Project("{FAE04EC0-301F-11D3-BF4B-00C04F79EFBC}") = "pinter-Z3-Z3xZ3", "pinter-Z3-Z3xZ3\pinter-Z3-Z3xZ3.csproj", "{A3F784F4-4344-4C6C-BD8C-EFD4887E8697}"
EndProject
Project("{FAE04EC0-301F-11D3-BF4B-00C04F79EFBC}") = "pinter-15-commutators-D6", "pinter-15-commutators-D6\pinter-15-commutators-D6.csproj", "{EE592779-8979-44A8-9BB8-A063A8465B99}"
EndProject
Project("{FAE04EC0-301F-11D3-BF4B-00C04F79EFBC}") = "pinter-16-C-1", "pinter-16-C-1\pinter-16-C-1.csproj", "{6D7434F3-5830-4267-9CA7-DB42689A6DD9}"
EndProject
Project("{FAE04EC0-301F-11D3-BF4B-00C04F79EFBC}") = "pinter-5-F-1", "pinter-5-F-1\pinter-5-F-1.csproj", "{978A3CE5-B8A5-4AAD-B8E2-730BF6B9DDD7}"
EndProject
Global
	GlobalSection(SolutionConfigurationPlatforms) = preSolution
		Debug|Any CPU = Debug|Any CPU
		Release|Any CPU = Release|Any CPU
	EndGlobalSection
	GlobalSection(ProjectConfigurationPlatforms) = postSolution
		{BE2A7D75-799A-44D5-AD4D-293230583B5A}.Debug|Any CPU.ActiveCfg = Debug|Any CPU
		{BE2A7D75-799A-44D5-AD4D-293230583B5A}.Debug|Any CPU.Build.0 = Debug|Any CPU
		{BE2A7D75-799A-44D5-AD4D-293230583B5A}.Release|Any CPU.ActiveCfg = Release|Any CPU
		{BE2A7D75-799A-44D5-AD4D-293230583B5A}.Release|Any CPU.Build.0 = Release|Any CPU
		{3528B630-4371-4308-8C2C-AEC0DC13816E}.Debug|Any CPU.ActiveCfg = Debug|Any CPU
		{3528B630-4371-4308-8C2C-AEC0DC13816E}.Debug|Any CPU.Build.0 = Debug|Any CPU
		{3528B630-4371-4308-8C2C-AEC0DC13816E}.Release|Any CPU.ActiveCfg = Release|Any CPU
		{3528B630-4371-4308-8C2C-AEC0DC13816E}.Release|Any CPU.Build.0 = Release|Any CPU
		{30304A4E-E04B-4AF9-B0CB-F666240A8CBA}.Debug|Any CPU.ActiveCfg = Debug|Any CPU
		{30304A4E-E04B-4AF9-B0CB-F666240A8CBA}.Debug|Any CPU.Build.0 = Debug|Any CPU
		{30304A4E-E04B-4AF9-B0CB-F666240A8CBA}.Release|Any CPU.ActiveCfg = Release|Any CPU
		{30304A4E-E04B-4AF9-B0CB-F666240A8CBA}.Release|Any CPU.Build.0 = Release|Any CPU
		{F9BDE60E-0976-4487-A7D8-D4933F765C93}.Debug|Any CPU.ActiveCfg = Debug|Any CPU
		{F9BDE60E-0976-4487-A7D8-D4933F765C93}.Debug|Any CPU.Build.0 = Debug|Any CPU
		{F9BDE60E-0976-4487-A7D8-D4933F765C93}.Release|Any CPU.ActiveCfg = Release|Any CPU
		{F9BDE60E-0976-4487-A7D8-D4933F765C93}.Release|Any CPU.Build.0 = Release|Any CPU
		{16D24CF9-B5E0-4A1D-98D8-EFCE16FA5E13}.Debug|Any CPU.ActiveCfg = Debug|Any CPU
		{16D24CF9-B5E0-4A1D-98D8-EFCE16FA5E13}.Debug|Any CPU.Build.0 = Debug|Any CPU
		{16D24CF9-B5E0-4A1D-98D8-EFCE16FA5E13}.Release|Any CPU.ActiveCfg = Release|Any CPU
		{16D24CF9-B5E0-4A1D-98D8-EFCE16FA5E13}.Release|Any CPU.Build.0 = Release|Any CPU
		{F52238E4-1727-4B7D-A31E-DE046FCF6216}.Debug|Any CPU.ActiveCfg = Debug|Any CPU
		{F52238E4-1727-4B7D-A31E-DE046FCF6216}.Debug|Any CPU.Build.0 = Debug|Any CPU
		{F52238E4-1727-4B7D-A31E-DE046FCF6216}.Release|Any CPU.ActiveCfg = Release|Any CPU
		{F52238E4-1727-4B7D-A31E-DE046FCF6216}.Release|Any CPU.Build.0 = Release|Any CPU
		{29F7E875-824F-4C47-805F-80AE94600050}.Debug|Any CPU.ActiveCfg = Debug|Any CPU
		{29F7E875-824F-4C47-805F-80AE94600050}.Debug|Any CPU.Build.0 = Debug|Any CPU
		{29F7E875-824F-4C47-805F-80AE94600050}.Release|Any CPU.ActiveCfg = Release|Any CPU
		{29F7E875-824F-4C47-805F-80AE94600050}.Release|Any CPU.Build.0 = Release|Any CPU
		{4FE7BFB8-C12F-46CB-859A-22FD86C6A307}.Debug|Any CPU.ActiveCfg = Debug|Any CPU
		{4FE7BFB8-C12F-46CB-859A-22FD86C6A307}.Debug|Any CPU.Build.0 = Debug|Any CPU
		{4FE7BFB8-C12F-46CB-859A-22FD86C6A307}.Release|Any CPU.ActiveCfg = Release|Any CPU
		{4FE7BFB8-C12F-46CB-859A-22FD86C6A307}.Release|Any CPU.Build.0 = Release|Any CPU
		{65862C63-3860-4236-8B68-8641FFF7E3F0}.Debug|Any CPU.ActiveCfg = Debug|Any CPU
		{65862C63-3860-4236-8B68-8641FFF7E3F0}.Debug|Any CPU.Build.0 = Debug|Any CPU
		{65862C63-3860-4236-8B68-8641FFF7E3F0}.Release|Any CPU.ActiveCfg = Release|Any CPU
		{65862C63-3860-4236-8B68-8641FFF7E3F0}.Release|Any CPU.Build.0 = Release|Any CPU
		{3C637521-4E8F-497F-970C-B0560CB5C2AC}.Debug|Any CPU.ActiveCfg = Debug|Any CPU
		{3C637521-4E8F-497F-970C-B0560CB5C2AC}.Debug|Any CPU.Build.0 = Debug|Any CPU
		{3C637521-4E8F-497F-970C-B0560CB5C2AC}.Release|Any CPU.ActiveCfg = Release|Any CPU
		{3C637521-4E8F-497F-970C-B0560CB5C2AC}.Release|Any CPU.Build.0 = Release|Any CPU
		{C2A915A9-C859-437E-961D-226D1B5B563D}.Debug|Any CPU.ActiveCfg = Debug|Any CPU
		{C2A915A9-C859-437E-961D-226D1B5B563D}.Debug|Any CPU.Build.0 = Debug|Any CPU
		{C2A915A9-C859-437E-961D-226D1B5B563D}.Release|Any CPU.ActiveCfg = Release|Any CPU
		{C2A915A9-C859-437E-961D-226D1B5B563D}.Release|Any CPU.Build.0 = Release|Any CPU
		{764CD40B-7B5D-48E7-8D8F-831EE6ED91D0}.Debug|Any CPU.ActiveCfg = Debug|Any CPU
		{764CD40B-7B5D-48E7-8D8F-831EE6ED91D0}.Debug|Any CPU.Build.0 = Debug|Any CPU
		{764CD40B-7B5D-48E7-8D8F-831EE6ED91D0}.Release|Any CPU.ActiveCfg = Release|Any CPU
		{764CD40B-7B5D-48E7-8D8F-831EE6ED91D0}.Release|Any CPU.Build.0 = Release|Any CPU
		{1F9FCB2F-8366-404D-BC0E-1C368222DB9D}.Debug|Any CPU.ActiveCfg = Debug|Any CPU
		{1F9FCB2F-8366-404D-BC0E-1C368222DB9D}.Debug|Any CPU.Build.0 = Debug|Any CPU
		{1F9FCB2F-8366-404D-BC0E-1C368222DB9D}.Release|Any CPU.ActiveCfg = Release|Any CPU
		{1F9FCB2F-8366-404D-BC0E-1C368222DB9D}.Release|Any CPU.Build.0 = Release|Any CPU
		{94D4D60F-A839-4C8E-9022-1C0DD9B7AC8F}.Debug|Any CPU.ActiveCfg = Debug|Any CPU
		{94D4D60F-A839-4C8E-9022-1C0DD9B7AC8F}.Debug|Any CPU.Build.0 = Debug|Any CPU
		{94D4D60F-A839-4C8E-9022-1C0DD9B7AC8F}.Release|Any CPU.ActiveCfg = Release|Any CPU
		{94D4D60F-A839-4C8E-9022-1C0DD9B7AC8F}.Release|Any CPU.Build.0 = Release|Any CPU
		{B3ED28CB-4227-4F9B-92EB-7B16603C5E35}.Debug|Any CPU.ActiveCfg = Debug|Any CPU
		{B3ED28CB-4227-4F9B-92EB-7B16603C5E35}.Debug|Any CPU.Build.0 = Debug|Any CPU
		{B3ED28CB-4227-4F9B-92EB-7B16603C5E35}.Release|Any CPU.ActiveCfg = Release|Any CPU
		{B3ED28CB-4227-4F9B-92EB-7B16603C5E35}.Release|Any CPU.Build.0 = Release|Any CPU
		{66965184-2D32-46C3-A1F4-FCA5A88E9C06}.Debug|Any CPU.ActiveCfg = Debug|Any CPU
		{66965184-2D32-46C3-A1F4-FCA5A88E9C06}.Debug|Any CPU.Build.0 = Debug|Any CPU
		{66965184-2D32-46C3-A1F4-FCA5A88E9C06}.Release|Any CPU.ActiveCfg = Release|Any CPU
		{66965184-2D32-46C3-A1F4-FCA5A88E9C06}.Release|Any CPU.Build.0 = Release|Any CPU
		{59E946B9-118D-4824-9622-0592ABF0C500}.Debug|Any CPU.ActiveCfg = Debug|Any CPU
		{59E946B9-118D-4824-9622-0592ABF0C500}.Debug|Any CPU.Build.0 = Debug|Any CPU
		{59E946B9-118D-4824-9622-0592ABF0C500}.Release|Any CPU.ActiveCfg = Release|Any CPU
		{59E946B9-118D-4824-9622-0592ABF0C500}.Release|Any CPU.Build.0 = Release|Any CPU
		{912B4996-8E96-4F38-B8D9-2632D4F9D875}.Debug|Any CPU.ActiveCfg = Debug|Any CPU
		{912B4996-8E96-4F38-B8D9-2632D4F9D875}.Debug|Any CPU.Build.0 = Debug|Any CPU
		{912B4996-8E96-4F38-B8D9-2632D4F9D875}.Release|Any CPU.ActiveCfg = Release|Any CPU
		{912B4996-8E96-4F38-B8D9-2632D4F9D875}.Release|Any CPU.Build.0 = Release|Any CPU
		{0F50F3AD-117C-4323-87F3-2E6EA2CA9901}.Debug|Any CPU.ActiveCfg = Debug|Any CPU
		{0F50F3AD-117C-4323-87F3-2E6EA2CA9901}.Debug|Any CPU.Build.0 = Debug|Any CPU
		{0F50F3AD-117C-4323-87F3-2E6EA2CA9901}.Release|Any CPU.ActiveCfg = Release|Any CPU
		{0F50F3AD-117C-4323-87F3-2E6EA2CA9901}.Release|Any CPU.Build.0 = Release|Any CPU
		{BFCA1C00-9C5D-42F7-9F77-6C9EEE27D630}.Debug|Any CPU.ActiveCfg = Debug|Any CPU
		{BFCA1C00-9C5D-42F7-9F77-6C9EEE27D630}.Debug|Any CPU.Build.0 = Debug|Any CPU
		{BFCA1C00-9C5D-42F7-9F77-6C9EEE27D630}.Release|Any CPU.ActiveCfg = Release|Any CPU
		{BFCA1C00-9C5D-42F7-9F77-6C9EEE27D630}.Release|Any CPU.Build.0 = Release|Any CPU
		{5A44F795-87A6-476A-9811-F5E8E4D2FB8B}.Debug|Any CPU.ActiveCfg = Debug|Any CPU
		{5A44F795-87A6-476A-9811-F5E8E4D2FB8B}.Debug|Any CPU.Build.0 = Debug|Any CPU
		{5A44F795-87A6-476A-9811-F5E8E4D2FB8B}.Release|Any CPU.ActiveCfg = Release|Any CPU
		{5A44F795-87A6-476A-9811-F5E8E4D2FB8B}.Release|Any CPU.Build.0 = Release|Any CPU
		{DE31E329-F54A-4A28-9F09-6A67852C64FE}.Debug|Any CPU.ActiveCfg = Debug|Any CPU
		{DE31E329-F54A-4A28-9F09-6A67852C64FE}.Debug|Any CPU.Build.0 = Debug|Any CPU
		{DE31E329-F54A-4A28-9F09-6A67852C64FE}.Release|Any CPU.ActiveCfg = Release|Any CPU
		{DE31E329-F54A-4A28-9F09-6A67852C64FE}.Release|Any CPU.Build.0 = Release|Any CPU
		{96BEFED4-CDC8-44CA-B08D-5CF4F8C3E7F7}.Debug|Any CPU.ActiveCfg = Debug|Any CPU
		{96BEFED4-CDC8-44CA-B08D-5CF4F8C3E7F7}.Debug|Any CPU.Build.0 = Debug|Any CPU
		{96BEFED4-CDC8-44CA-B08D-5CF4F8C3E7F7}.Release|Any CPU.ActiveCfg = Release|Any CPU
		{96BEFED4-CDC8-44CA-B08D-5CF4F8C3E7F7}.Release|Any CPU.Build.0 = Release|Any CPU
		{CD7E3F63-0D1F-48D8-8754-D77C46D67AEE}.Debug|Any CPU.ActiveCfg = Debug|Any CPU
		{CD7E3F63-0D1F-48D8-8754-D77C46D67AEE}.Debug|Any CPU.Build.0 = Debug|Any CPU
		{CD7E3F63-0D1F-48D8-8754-D77C46D67AEE}.Release|Any CPU.ActiveCfg = Release|Any CPU
		{CD7E3F63-0D1F-48D8-8754-D77C46D67AEE}.Release|Any CPU.Build.0 = Release|Any CPU
		{0B82270D-7A7B-4957-B8CF-C2DBD1F254E0}.Debug|Any CPU.ActiveCfg = Debug|Any CPU
		{0B82270D-7A7B-4957-B8CF-C2DBD1F254E0}.Debug|Any CPU.Build.0 = Debug|Any CPU
		{0B82270D-7A7B-4957-B8CF-C2DBD1F254E0}.Release|Any CPU.ActiveCfg = Release|Any CPU
		{0B82270D-7A7B-4957-B8CF-C2DBD1F254E0}.Release|Any CPU.Build.0 = Release|Any CPU
		{342B0270-D489-454B-BC13-2EF37878FD10}.Debug|Any CPU.ActiveCfg = Debug|Any CPU
		{342B0270-D489-454B-BC13-2EF37878FD10}.Debug|Any CPU.Build.0 = Debug|Any CPU
		{342B0270-D489-454B-BC13-2EF37878FD10}.Release|Any CPU.ActiveCfg = Release|Any CPU
		{342B0270-D489-454B-BC13-2EF37878FD10}.Release|Any CPU.Build.0 = Release|Any CPU
		{85040085-1D98-4161-987B-3CC5D88852E9}.Debug|Any CPU.ActiveCfg = Debug|Any CPU
		{85040085-1D98-4161-987B-3CC5D88852E9}.Debug|Any CPU.Build.0 = Debug|Any CPU
		{85040085-1D98-4161-987B-3CC5D88852E9}.Release|Any CPU.ActiveCfg = Release|Any CPU
		{85040085-1D98-4161-987B-3CC5D88852E9}.Release|Any CPU.Build.0 = Release|Any CPU
		{D69A9BED-25E6-4334-8982-E9E308DBE7A2}.Debug|Any CPU.ActiveCfg = Debug|Any CPU
		{D69A9BED-25E6-4334-8982-E9E308DBE7A2}.Debug|Any CPU.Build.0 = Debug|Any CPU
		{D69A9BED-25E6-4334-8982-E9E308DBE7A2}.Release|Any CPU.ActiveCfg = Release|Any CPU
		{D69A9BED-25E6-4334-8982-E9E308DBE7A2}.Release|Any CPU.Build.0 = Release|Any CPU
		{4E8C700B-7BCC-4167-BB46-9453CFF00371}.Debug|Any CPU.ActiveCfg = Debug|Any CPU
		{4E8C700B-7BCC-4167-BB46-9453CFF00371}.Debug|Any CPU.Build.0 = Debug|Any CPU
		{4E8C700B-7BCC-4167-BB46-9453CFF00371}.Release|Any CPU.ActiveCfg = Release|Any CPU
		{4E8C700B-7BCC-4167-BB46-9453CFF00371}.Release|Any CPU.Build.0 = Release|Any CPU
		{A27B89C2-282C-404D-81EC-AA90B9BFEC3C}.Debug|Any CPU.ActiveCfg = Debug|Any CPU
		{A27B89C2-282C-404D-81EC-AA90B9BFEC3C}.Debug|Any CPU.Build.0 = Debug|Any CPU
		{A27B89C2-282C-404D-81EC-AA90B9BFEC3C}.Release|Any CPU.ActiveCfg = Release|Any CPU
		{A27B89C2-282C-404D-81EC-AA90B9BFEC3C}.Release|Any CPU.Build.0 = Release|Any CPU
		{2AB06908-3404-4402-8E18-90F7F987820D}.Debug|Any CPU.ActiveCfg = Debug|Any CPU
		{2AB06908-3404-4402-8E18-90F7F987820D}.Debug|Any CPU.Build.0 = Debug|Any CPU
		{2AB06908-3404-4402-8E18-90F7F987820D}.Release|Any CPU.ActiveCfg = Release|Any CPU
		{2AB06908-3404-4402-8E18-90F7F987820D}.Release|Any CPU.Build.0 = Release|Any CPU
		{FD1E5209-212D-4435-A10D-70038D90D719}.Debug|Any CPU.ActiveCfg = Debug|Any CPU
		{FD1E5209-212D-4435-A10D-70038D90D719}.Debug|Any CPU.Build.0 = Debug|Any CPU
		{FD1E5209-212D-4435-A10D-70038D90D719}.Release|Any CPU.ActiveCfg = Release|Any CPU
		{FD1E5209-212D-4435-A10D-70038D90D719}.Release|Any CPU.Build.0 = Release|Any CPU
		{5B522E3C-F9C8-4BC8-A299-1D7D42E05CD6}.Debug|Any CPU.ActiveCfg = Debug|Any CPU
		{5B522E3C-F9C8-4BC8-A299-1D7D42E05CD6}.Debug|Any CPU.Build.0 = Debug|Any CPU
		{5B522E3C-F9C8-4BC8-A299-1D7D42E05CD6}.Release|Any CPU.ActiveCfg = Release|Any CPU
		{5B522E3C-F9C8-4BC8-A299-1D7D42E05CD6}.Release|Any CPU.Build.0 = Release|Any CPU
		{0F2C6356-45FD-432C-AC36-05557F3362D8}.Debug|Any CPU.ActiveCfg = Debug|Any CPU
		{0F2C6356-45FD-432C-AC36-05557F3362D8}.Debug|Any CPU.Build.0 = Debug|Any CPU
		{0F2C6356-45FD-432C-AC36-05557F3362D8}.Release|Any CPU.ActiveCfg = Release|Any CPU
		{0F2C6356-45FD-432C-AC36-05557F3362D8}.Release|Any CPU.Build.0 = Release|Any CPU
		{F41E5929-1196-449E-B269-9CC98AF22826}.Debug|Any CPU.ActiveCfg = Debug|Any CPU
		{F41E5929-1196-449E-B269-9CC98AF22826}.Debug|Any CPU.Build.0 = Debug|Any CPU
		{F41E5929-1196-449E-B269-9CC98AF22826}.Release|Any CPU.ActiveCfg = Release|Any CPU
		{F41E5929-1196-449E-B269-9CC98AF22826}.Release|Any CPU.Build.0 = Release|Any CPU
		{10729752-1F08-4534-AF30-1304EF87AE10}.Debug|Any CPU.ActiveCfg = Debug|Any CPU
		{10729752-1F08-4534-AF30-1304EF87AE10}.Debug|Any CPU.Build.0 = Debug|Any CPU
		{10729752-1F08-4534-AF30-1304EF87AE10}.Release|Any CPU.ActiveCfg = Release|Any CPU
		{10729752-1F08-4534-AF30-1304EF87AE10}.Release|Any CPU.Build.0 = Release|Any CPU
		{CF0F24F6-4592-418E-9F75-9291DB361156}.Debug|Any CPU.ActiveCfg = Debug|Any CPU
		{CF0F24F6-4592-418E-9F75-9291DB361156}.Debug|Any CPU.Build.0 = Debug|Any CPU
		{CF0F24F6-4592-418E-9F75-9291DB361156}.Release|Any CPU.ActiveCfg = Release|Any CPU
		{CF0F24F6-4592-418E-9F75-9291DB361156}.Release|Any CPU.Build.0 = Release|Any CPU
		{8C7E0B4E-81B6-4018-97A5-08564E28EDB2}.Debug|Any CPU.ActiveCfg = Debug|Any CPU
		{8C7E0B4E-81B6-4018-97A5-08564E28EDB2}.Debug|Any CPU.Build.0 = Debug|Any CPU
		{8C7E0B4E-81B6-4018-97A5-08564E28EDB2}.Release|Any CPU.ActiveCfg = Release|Any CPU
		{8C7E0B4E-81B6-4018-97A5-08564E28EDB2}.Release|Any CPU.Build.0 = Release|Any CPU
		{F628D406-D305-4933-9C15-4802B41221FF}.Debug|Any CPU.ActiveCfg = Debug|Any CPU
		{F628D406-D305-4933-9C15-4802B41221FF}.Debug|Any CPU.Build.0 = Debug|Any CPU
		{F628D406-D305-4933-9C15-4802B41221FF}.Release|Any CPU.ActiveCfg = Release|Any CPU
		{F628D406-D305-4933-9C15-4802B41221FF}.Release|Any CPU.Build.0 = Release|Any CPU
		{1D10036F-34EB-4409-BE7F-CC41B86A44A8}.Debug|Any CPU.ActiveCfg = Debug|Any CPU
		{1D10036F-34EB-4409-BE7F-CC41B86A44A8}.Debug|Any CPU.Build.0 = Debug|Any CPU
		{1D10036F-34EB-4409-BE7F-CC41B86A44A8}.Release|Any CPU.ActiveCfg = Release|Any CPU
		{1D10036F-34EB-4409-BE7F-CC41B86A44A8}.Release|Any CPU.Build.0 = Release|Any CPU
		{6ABFF39D-D558-4E4D-8DD0-878FC02C3032}.Debug|Any CPU.ActiveCfg = Debug|Any CPU
		{6ABFF39D-D558-4E4D-8DD0-878FC02C3032}.Debug|Any CPU.Build.0 = Debug|Any CPU
		{6ABFF39D-D558-4E4D-8DD0-878FC02C3032}.Release|Any CPU.ActiveCfg = Release|Any CPU
		{6ABFF39D-D558-4E4D-8DD0-878FC02C3032}.Release|Any CPU.Build.0 = Release|Any CPU
		{A55F3D9D-5838-47E0-851D-4C65A76D83C6}.Debug|Any CPU.ActiveCfg = Debug|Any CPU
		{A55F3D9D-5838-47E0-851D-4C65A76D83C6}.Debug|Any CPU.Build.0 = Debug|Any CPU
		{A55F3D9D-5838-47E0-851D-4C65A76D83C6}.Release|Any CPU.ActiveCfg = Release|Any CPU
		{A55F3D9D-5838-47E0-851D-4C65A76D83C6}.Release|Any CPU.Build.0 = Release|Any CPU
		{3143A572-E97D-44B1-A632-2BE28C828E9B}.Debug|Any CPU.ActiveCfg = Debug|Any CPU
		{3143A572-E97D-44B1-A632-2BE28C828E9B}.Debug|Any CPU.Build.0 = Debug|Any CPU
		{3143A572-E97D-44B1-A632-2BE28C828E9B}.Release|Any CPU.ActiveCfg = Release|Any CPU
		{3143A572-E97D-44B1-A632-2BE28C828E9B}.Release|Any CPU.Build.0 = Release|Any CPU
		{46641E19-AFD3-44DA-96DC-0092A4014DEF}.Debug|Any CPU.ActiveCfg = Debug|Any CPU
		{46641E19-AFD3-44DA-96DC-0092A4014DEF}.Debug|Any CPU.Build.0 = Debug|Any CPU
		{46641E19-AFD3-44DA-96DC-0092A4014DEF}.Release|Any CPU.ActiveCfg = Release|Any CPU
		{46641E19-AFD3-44DA-96DC-0092A4014DEF}.Release|Any CPU.Build.0 = Release|Any CPU
		{48159F74-F834-45A3-B5DD-FD011A354D2D}.Debug|Any CPU.ActiveCfg = Debug|Any CPU
		{48159F74-F834-45A3-B5DD-FD011A354D2D}.Debug|Any CPU.Build.0 = Debug|Any CPU
		{48159F74-F834-45A3-B5DD-FD011A354D2D}.Release|Any CPU.ActiveCfg = Release|Any CPU
		{48159F74-F834-45A3-B5DD-FD011A354D2D}.Release|Any CPU.Build.0 = Release|Any CPU
		{E7DBD271-44EE-45B5-85B3-93534CED5121}.Debug|Any CPU.ActiveCfg = Debug|Any CPU
		{E7DBD271-44EE-45B5-85B3-93534CED5121}.Debug|Any CPU.Build.0 = Debug|Any CPU
		{E7DBD271-44EE-45B5-85B3-93534CED5121}.Release|Any CPU.ActiveCfg = Release|Any CPU
		{E7DBD271-44EE-45B5-85B3-93534CED5121}.Release|Any CPU.Build.0 = Release|Any CPU
		{B0F5D554-E607-4BDC-BE5C-82719256F4BE}.Debug|Any CPU.ActiveCfg = Debug|Any CPU
		{B0F5D554-E607-4BDC-BE5C-82719256F4BE}.Debug|Any CPU.Build.0 = Debug|Any CPU
		{B0F5D554-E607-4BDC-BE5C-82719256F4BE}.Release|Any CPU.ActiveCfg = Release|Any CPU
		{B0F5D554-E607-4BDC-BE5C-82719256F4BE}.Release|Any CPU.Build.0 = Release|Any CPU
		{E704536F-90A8-4731-9566-07CE4332F4FE}.Debug|Any CPU.ActiveCfg = Debug|Any CPU
		{E704536F-90A8-4731-9566-07CE4332F4FE}.Debug|Any CPU.Build.0 = Debug|Any CPU
		{E704536F-90A8-4731-9566-07CE4332F4FE}.Release|Any CPU.ActiveCfg = Release|Any CPU
		{E704536F-90A8-4731-9566-07CE4332F4FE}.Release|Any CPU.Build.0 = Release|Any CPU
		{AD528EE9-904C-432F-B3CE-30C65E9F3BD4}.Debug|Any CPU.ActiveCfg = Debug|Any CPU
		{AD528EE9-904C-432F-B3CE-30C65E9F3BD4}.Debug|Any CPU.Build.0 = Debug|Any CPU
		{AD528EE9-904C-432F-B3CE-30C65E9F3BD4}.Release|Any CPU.ActiveCfg = Release|Any CPU
		{AD528EE9-904C-432F-B3CE-30C65E9F3BD4}.Release|Any CPU.Build.0 = Release|Any CPU
		{8676EEF3-52C8-49B7-A1AC-E4EE99FAE7CA}.Debug|Any CPU.ActiveCfg = Debug|Any CPU
		{8676EEF3-52C8-49B7-A1AC-E4EE99FAE7CA}.Debug|Any CPU.Build.0 = Debug|Any CPU
		{8676EEF3-52C8-49B7-A1AC-E4EE99FAE7CA}.Release|Any CPU.ActiveCfg = Release|Any CPU
		{8676EEF3-52C8-49B7-A1AC-E4EE99FAE7CA}.Release|Any CPU.Build.0 = Release|Any CPU
		{BB043B7B-C53A-4D78-B40E-B9DAA77737CD}.Debug|Any CPU.ActiveCfg = Debug|Any CPU
		{BB043B7B-C53A-4D78-B40E-B9DAA77737CD}.Debug|Any CPU.Build.0 = Debug|Any CPU
		{BB043B7B-C53A-4D78-B40E-B9DAA77737CD}.Release|Any CPU.ActiveCfg = Release|Any CPU
		{BB043B7B-C53A-4D78-B40E-B9DAA77737CD}.Release|Any CPU.Build.0 = Release|Any CPU
		{10982F0A-9BF9-4945-AC7A-6F126F109ADB}.Debug|Any CPU.ActiveCfg = Debug|Any CPU
		{10982F0A-9BF9-4945-AC7A-6F126F109ADB}.Debug|Any CPU.Build.0 = Debug|Any CPU
		{10982F0A-9BF9-4945-AC7A-6F126F109ADB}.Release|Any CPU.ActiveCfg = Release|Any CPU
		{10982F0A-9BF9-4945-AC7A-6F126F109ADB}.Release|Any CPU.Build.0 = Release|Any CPU
		{3756886B-9A66-4E26-A51D-01CF372B38B6}.Debug|Any CPU.ActiveCfg = Debug|Any CPU
		{3756886B-9A66-4E26-A51D-01CF372B38B6}.Debug|Any CPU.Build.0 = Debug|Any CPU
		{3756886B-9A66-4E26-A51D-01CF372B38B6}.Release|Any CPU.ActiveCfg = Release|Any CPU
		{3756886B-9A66-4E26-A51D-01CF372B38B6}.Release|Any CPU.Build.0 = Release|Any CPU
		{120CFBF2-3B9A-4C51-91CE-D496A75BDBC7}.Debug|Any CPU.ActiveCfg = Debug|Any CPU
		{120CFBF2-3B9A-4C51-91CE-D496A75BDBC7}.Debug|Any CPU.Build.0 = Debug|Any CPU
		{120CFBF2-3B9A-4C51-91CE-D496A75BDBC7}.Release|Any CPU.ActiveCfg = Release|Any CPU
		{120CFBF2-3B9A-4C51-91CE-D496A75BDBC7}.Release|Any CPU.Build.0 = Release|Any CPU
		{67CD0467-3A58-4656-BFC9-F7C647457510}.Debug|Any CPU.ActiveCfg = Debug|Any CPU
		{67CD0467-3A58-4656-BFC9-F7C647457510}.Debug|Any CPU.Build.0 = Debug|Any CPU
		{67CD0467-3A58-4656-BFC9-F7C647457510}.Release|Any CPU.ActiveCfg = Release|Any CPU
		{67CD0467-3A58-4656-BFC9-F7C647457510}.Release|Any CPU.Build.0 = Release|Any CPU
		{BDBDAAEC-D388-48CF-9EA9-22F58374EC0F}.Debug|Any CPU.ActiveCfg = Debug|Any CPU
		{BDBDAAEC-D388-48CF-9EA9-22F58374EC0F}.Debug|Any CPU.Build.0 = Debug|Any CPU
		{BDBDAAEC-D388-48CF-9EA9-22F58374EC0F}.Release|Any CPU.ActiveCfg = Release|Any CPU
		{BDBDAAEC-D388-48CF-9EA9-22F58374EC0F}.Release|Any CPU.Build.0 = Release|Any CPU
		{1552D231-767B-4C90-B3A2-E61F5387E556}.Debug|Any CPU.ActiveCfg = Debug|Any CPU
		{1552D231-767B-4C90-B3A2-E61F5387E556}.Debug|Any CPU.Build.0 = Debug|Any CPU
		{1552D231-767B-4C90-B3A2-E61F5387E556}.Release|Any CPU.ActiveCfg = Release|Any CPU
		{1552D231-767B-4C90-B3A2-E61F5387E556}.Release|Any CPU.Build.0 = Release|Any CPU
		{E31FE39D-2761-47F7-8113-692289A66349}.Debug|Any CPU.ActiveCfg = Debug|Any CPU
		{E31FE39D-2761-47F7-8113-692289A66349}.Debug|Any CPU.Build.0 = Debug|Any CPU
		{E31FE39D-2761-47F7-8113-692289A66349}.Release|Any CPU.ActiveCfg = Release|Any CPU
		{E31FE39D-2761-47F7-8113-692289A66349}.Release|Any CPU.Build.0 = Release|Any CPU
		{F7ECDF70-96EE-499D-AA4A-C59082ECF0A5}.Debug|Any CPU.ActiveCfg = Debug|Any CPU
		{F7ECDF70-96EE-499D-AA4A-C59082ECF0A5}.Debug|Any CPU.Build.0 = Debug|Any CPU
		{F7ECDF70-96EE-499D-AA4A-C59082ECF0A5}.Release|Any CPU.ActiveCfg = Release|Any CPU
		{F7ECDF70-96EE-499D-AA4A-C59082ECF0A5}.Release|Any CPU.Build.0 = Release|Any CPU
		{E8F1EB54-D1DC-4847-A3C6-AFA301147991}.Debug|Any CPU.ActiveCfg = Debug|Any CPU
		{E8F1EB54-D1DC-4847-A3C6-AFA301147991}.Debug|Any CPU.Build.0 = Debug|Any CPU
		{E8F1EB54-D1DC-4847-A3C6-AFA301147991}.Release|Any CPU.ActiveCfg = Release|Any CPU
		{E8F1EB54-D1DC-4847-A3C6-AFA301147991}.Release|Any CPU.Build.0 = Release|Any CPU
		{B1758720-8B64-4E75-9490-6F92C752B9C7}.Debug|Any CPU.ActiveCfg = Debug|Any CPU
		{B1758720-8B64-4E75-9490-6F92C752B9C7}.Debug|Any CPU.Build.0 = Debug|Any CPU
		{B1758720-8B64-4E75-9490-6F92C752B9C7}.Release|Any CPU.ActiveCfg = Release|Any CPU
		{B1758720-8B64-4E75-9490-6F92C752B9C7}.Release|Any CPU.Build.0 = Release|Any CPU
		{5CB94F39-ED3B-4427-96BB-AF7D23711443}.Debug|Any CPU.ActiveCfg = Debug|Any CPU
		{5CB94F39-ED3B-4427-96BB-AF7D23711443}.Debug|Any CPU.Build.0 = Debug|Any CPU
		{5CB94F39-ED3B-4427-96BB-AF7D23711443}.Release|Any CPU.ActiveCfg = Release|Any CPU
		{5CB94F39-ED3B-4427-96BB-AF7D23711443}.Release|Any CPU.Build.0 = Release|Any CPU
		{672529BB-29AA-43B2-AE68-AD4BA7A3C7DE}.Debug|Any CPU.ActiveCfg = Debug|Any CPU
		{672529BB-29AA-43B2-AE68-AD4BA7A3C7DE}.Debug|Any CPU.Build.0 = Debug|Any CPU
		{672529BB-29AA-43B2-AE68-AD4BA7A3C7DE}.Release|Any CPU.ActiveCfg = Release|Any CPU
		{672529BB-29AA-43B2-AE68-AD4BA7A3C7DE}.Release|Any CPU.Build.0 = Release|Any CPU
		{A3F784F4-4344-4C6C-BD8C-EFD4887E8697}.Debug|Any CPU.ActiveCfg = Debug|Any CPU
		{A3F784F4-4344-4C6C-BD8C-EFD4887E8697}.Debug|Any CPU.Build.0 = Debug|Any CPU
		{A3F784F4-4344-4C6C-BD8C-EFD4887E8697}.Release|Any CPU.ActiveCfg = Release|Any CPU
		{A3F784F4-4344-4C6C-BD8C-EFD4887E8697}.Release|Any CPU.Build.0 = Release|Any CPU
		{EE592779-8979-44A8-9BB8-A063A8465B99}.Debug|Any CPU.ActiveCfg = Debug|Any CPU
		{EE592779-8979-44A8-9BB8-A063A8465B99}.Debug|Any CPU.Build.0 = Debug|Any CPU
		{EE592779-8979-44A8-9BB8-A063A8465B99}.Release|Any CPU.ActiveCfg = Release|Any CPU
		{EE592779-8979-44A8-9BB8-A063A8465B99}.Release|Any CPU.Build.0 = Release|Any CPU
		{6D7434F3-5830-4267-9CA7-DB42689A6DD9}.Debug|Any CPU.ActiveCfg = Debug|Any CPU
		{6D7434F3-5830-4267-9CA7-DB42689A6DD9}.Debug|Any CPU.Build.0 = Debug|Any CPU
		{6D7434F3-5830-4267-9CA7-DB42689A6DD9}.Release|Any CPU.ActiveCfg = Release|Any CPU
		{6D7434F3-5830-4267-9CA7-DB42689A6DD9}.Release|Any CPU.Build.0 = Release|Any CPU
		{978A3CE5-B8A5-4AAD-B8E2-730BF6B9DDD7}.Debug|Any CPU.ActiveCfg = Debug|Any CPU
		{978A3CE5-B8A5-4AAD-B8E2-730BF6B9DDD7}.Debug|Any CPU.Build.0 = Debug|Any CPU
		{978A3CE5-B8A5-4AAD-B8E2-730BF6B9DDD7}.Release|Any CPU.ActiveCfg = Release|Any CPU
		{978A3CE5-B8A5-4AAD-B8E2-730BF6B9DDD7}.Release|Any CPU.Build.0 = Release|Any CPU
	EndGlobalSection
	GlobalSection(SolutionProperties) = preSolution
		HideSolutionNode = FALSE
	EndGlobalSection
	GlobalSection(ExtensibilityGlobals) = postSolution
		SolutionGuid = {EF62D631-24FF-48C5-8B58-7B4B487293AC}
	EndGlobalSection
EndGlobal
